<?xml version="1.0" encoding="utf-8"?>
<Project ToolsVersion="4.0" xmlns="http://schemas.microsoft.com/developer/msbuild/2003">
  <ItemGroup>
    <Filter Include="Source Files">
      <UniqueIdentifier>{4FC737F1-C7A5-4376-A066-2A32D752A2FF}</UniqueIdentifier>
      <Extensions>qml;cpp;c;cc;cxx;def;odl;idl;hpj;bat;asm;asmx</Extensions>
    </Filter>
    <Filter Include="Header Files">
      <UniqueIdentifier>{93995380-89BD-4b04-88EB-625FBE52EBFB}</UniqueIdentifier>
      <Extensions>h;hh;hpp;hxx;hm;inl;inc;xsd</Extensions>
    </Filter>
    <Filter Include="Resource Files">
      <UniqueIdentifier>{67DA6AB6-F800-4c08-8B7A-83BB121AAD01}</UniqueIdentifier>
      <Extensions>qrc;rc;ico;cur;bmp;dlg;rc2;rct;bin;rgs;gif;jpg;jpeg;jpe;resx;tiff;tif;png;wav;mfcribbon-ms</Extensions>
    </Filter>
    <Filter Include="Form Files">
      <UniqueIdentifier>{99349809-55BA-4b9d-BF79-8FDBB0286EB3}</UniqueIdentifier>
      <Extensions>ui</Extensions>
    </Filter>
    <Filter Include="Translation Files">
      <UniqueIdentifier>{639EADAA-A684-42e4-A9AD-28FC9BCB8F7C}</UniqueIdentifier>
      <Extensions>ts</Extensions>
    </Filter>
    <Filter Include="Shader">
      <UniqueIdentifier>{a537cbf0-5617-423e-a107-08e2c3b012d5}</UniqueIdentifier>
    </Filter>
    <Filter Include="Source Files\piYingGL">
      <UniqueIdentifier>{6254f304-1aac-45cf-9ae6-ffe29263975d}</UniqueIdentifier>
    </Filter>
    <Filter Include="StyleSheets">
      <UniqueIdentifier>{62c7bb89-d07b-49a5-893d-c2a87f10ba01}</UniqueIdentifier>
    </Filter>
    <Filter Include="Header Files\ChELementTool">
      <UniqueIdentifier>{f755ae81-636b-4048-95f4-0ff9883fdb74}</UniqueIdentifier>
    </Filter>
    <Filter Include="Source Files\ChELementTool">
      <UniqueIdentifier>{204b3297-ad6d-4a93-8cd4-e64b58993d2e}</UniqueIdentifier>
    </Filter>
    <Filter Include="Header Files\staticConst">
      <UniqueIdentifier>{097b854b-e278-4df0-b1b6-03b8dd42274d}</UniqueIdentifier>
    </Filter>
    <Filter Include="Header Files\PiYingWidget">
      <UniqueIdentifier>{c1f76cac-578d-4b43-95f0-97d8a67646ba}</UniqueIdentifier>
    </Filter>
    <Filter Include="Source Files\PiYingElement">
      <UniqueIdentifier>{c7897473-4aa2-4a1e-b9e9-6cd904a6eac6}</UniqueIdentifier>
    </Filter>
    <Filter Include="Source Files\PiYingQObject">
      <UniqueIdentifier>{bce7286b-a62b-4632-8350-9f0ba6faf5ae}</UniqueIdentifier>
    </Filter>
    <Filter Include="Source Files\PiYingTool">
      <UniqueIdentifier>{b6a97278-ec58-408e-b0b8-040eba828882}</UniqueIdentifier>
    </Filter>
    <Filter Include="Source Files\PiYingContainer">
      <UniqueIdentifier>{9b1c9dab-4333-4668-a13b-7a2ab2ab5323}</UniqueIdentifier>
    </Filter>
    <Filter Include="Header Files\PiYingTool">
      <UniqueIdentifier>{81a6fd38-6b9e-4b38-a5ce-638a5efa5af7}</UniqueIdentifier>
    </Filter>
    <Filter Include="Header Files\PiYngQObject">
      <UniqueIdentifier>{121a4bf5-966a-47ff-be36-b5fe218de77c}</UniqueIdentifier>
    </Filter>
    <Filter Include="Header Files\PiYingElememt">
      <UniqueIdentifier>{47bb7beb-949c-4dd2-b4a5-00bcbda67091}</UniqueIdentifier>
    </Filter>
    <Filter Include="Header Files\PiYingContainer">
      <UniqueIdentifier>{71909617-4079-4e9b-81f7-14b22808c68b}</UniqueIdentifier>
    </Filter>
    <Filter Include="Source Files\PiYing">
      <UniqueIdentifier>{d3aed6d7-527c-4b62-853d-709bdd60c2b7}</UniqueIdentifier>
    </Filter>
    <Filter Include="Header Files\PiYngQObject\controlSlide">
      <UniqueIdentifier>{c0057a86-6107-48ca-ad48-031747d11860}</UniqueIdentifier>
    </Filter>
    <Filter Include="Source Files\PiYingQObject\controlSlide">
      <UniqueIdentifier>{424e17ba-20f1-4c6b-b386-474e4e29da49}</UniqueIdentifier>
    </Filter>
  </ItemGroup>
  <ItemGroup>
    <QtRcc Include="PiYing.qrc">
      <Filter>Resource Files</Filter>
    </QtRcc>
    <QtUic Include="PiYing.ui">
      <Filter>Form Files</Filter>
    </QtUic>
  </ItemGroup>
  <ItemGroup>
    <ClCompile Include="main.cpp">
      <Filter>Source Files</Filter>
    </ClCompile>
    <ClCompile Include="pi_ying_gl.cpp">
      <Filter>Source Files\piYingGL</Filter>
    </ClCompile>
    <ClCompile Include="events.cpp">
      <Filter>Source Files\piYingGL</Filter>
    </ClCompile>
    <ClCompile Include="controls.cpp">
      <Filter>Source Files\piYingGL</Filter>
    </ClCompile>
    <ClCompile Include="gl_func.cpp">
      <Filter>Source Files\piYingGL</Filter>
    </ClCompile>
    <ClCompile Include="slots.cpp">
      <Filter>Source Files\piYingGL</Filter>
    </ClCompile>
    <ClCompile Include="raletive_transform.cpp">
      <Filter>Source Files\piYingGL</Filter>
    </ClCompile>
    <ClCompile Include="draw.cpp">
      <Filter>Source Files\piYingGL</Filter>
    </ClCompile>
    <ClCompile Include="construct.cpp">
      <Filter>Source Files\piYingGL</Filter>
    </ClCompile>
    <ClCompile Include="ch_element_rect_select.cpp">
      <Filter>Source Files\ChELementTool</Filter>
    </ClCompile>
    <ClCompile Include="add_triangle.cpp">
      <Filter>Source Files\ChELementTool</Filter>
    </ClCompile>
    <ClCompile Include="add_ch_tex_poly.cpp">
      <Filter>Source Files\ChELementTool</Filter>
    </ClCompile>
    <ClCompile Include="ch_element_select.cpp">
      <Filter>Source Files\ChELementTool</Filter>
    </ClCompile>
    <ClCompile Include="ch_element_tool.cpp">
      <Filter>Source Files\ChELementTool</Filter>
    </ClCompile>
    <ClCompile Include="ch_element_libre_select.cpp">
      <Filter>Source Files\ChELementTool</Filter>
    </ClCompile>
    <ClCompile Include="ctrl_slide_layout.cpp">
      <Filter>Source Files\PiYingQObject\controlSlide</Filter>
    </ClCompile>
    <ClCompile Include="ctrl_slide_widget.cpp">
      <Filter>Source Files\PiYingQObject\controlSlide</Filter>
    </ClCompile>
    <ClCompile Include="ask_transform_dialog.cpp">
      <Filter>Source Files\PiYingQObject</Filter>
    </ClCompile>
    <ClCompile Include="cus_func_transform.cpp">
      <Filter>Source Files\PiYingTool</Filter>
    </ClCompile>
    <ClCompile Include="image_texture.cpp">
      <Filter>Source Files\PiYingElement</Filter>
    </ClCompile>
    <ClCompile Include="image_transform.cpp">
      <Filter>Source Files\PiYingElement</Filter>
    </ClCompile>
    <ClCompile Include="pi_ying_gl_container.cpp">
      <Filter>Source Files\PiYingQObject</Filter>
    </ClCompile>
    <ClCompile Include="tool_button.cpp">
      <Filter>Source Files\PiYingElement</Filter>
    </ClCompile>
    <ClCompile Include="selected_points.cpp">
      <Filter>Source Files\PiYingElement</Filter>
    </ClCompile>
    <ClCompile Include="ratio_dialog.cpp">
      <Filter>Source Files\PiYingQObject</Filter>
    </ClCompile>
    <ClCompile Include="gl_vert_reference.cpp">
      <Filter>Source Files\ChELementTool</Filter>
    </ClCompile>
    <ClCompile Include="cus_func_point2d.cpp">
      <Filter>Source Files\PiYingTool</Filter>
    </ClCompile>
    <ClCompile Include="cus_func_string.cpp">
      <Filter>Source Files\PiYingTool</Filter>
    </ClCompile>
    <ClCompile Include="cus_func_zone.cpp">
      <Filter>Source Files\PiYingTool</Filter>
    </ClCompile>
    <ClCompile Include="keyboard_state_win.cpp">
      <Filter>Source Files\PiYingTool</Filter>
    </ClCompile>
    <ClCompile Include="point_vector.cpp">
      <Filter>Source Files\PiYingContainer</Filter>
    </ClCompile>
    <ClCompile Include="ch_element_add_round.cpp">
      <Filter>Source Files\ChELementTool</Filter>
    </ClCompile>
    <ClCompile Include="ask_round_poly_dialog.cpp">
      <Filter>Source Files\PiYingQObject</Filter>
    </ClCompile>
    <ClCompile Include="point_vector_layer.cpp">
      <Filter>Source Files\PiYingContainer</Filter>
    </ClCompile>
    <ClCompile Include="ch_skelen_tool.cpp">
      <Filter>Source Files\ChELementTool</Filter>
    </ClCompile>
    <ClCompile Include="change_mode.cpp">
      <Filter>Source Files\PiYing</Filter>
    </ClCompile>
    <ClCompile Include="select_tool.cpp">
      <Filter>Source Files\PiYing</Filter>
    </ClCompile>
    <ClCompile Include="cus_func_get_unique_id.cpp">
      <Filter>Source Files\PiYingTool</Filter>
    </ClCompile>
    <ClCompile Include="ch_add_vert_trace.cpp">
      <Filter>Source Files\ChELementTool</Filter>
    </ClCompile>
    <ClCompile Include="pi_ying.cpp">
      <Filter>Source Files\PiYing</Filter>
    </ClCompile>
    <ClCompile Include="add_trace.cpp">
      <Filter>Source Files\piYingGL</Filter>
    </ClCompile>
    <ClCompile Include="slide_applier.cpp">
      <Filter>Source Files\PiYingElement</Filter>
    </ClCompile>
    <ClCompile Include="character_trace.cpp">
      <Filter>Source Files\PiYingElement</Filter>
    </ClCompile>
    <ClCompile Include="control_slider.cpp">
      <Filter>Source Files\piYingGL</Filter>
    </ClCompile>
    <ClCompile Include="time_line_gl.cpp">
      <Filter>Source Files</Filter>
    </ClCompile>
  </ItemGroup>
  <ItemGroup>
    <ClInclude Include="static_handle_zone.h">
      <Filter>Header Files\staticConst</Filter>
    </ClInclude>
    <ClInclude Include="static_rect_vert.h">
      <Filter>Header Files\staticConst</Filter>
    </ClInclude>
    <ClInclude Include="ch_element_tool.h">
      <Filter>Header Files\ChELementTool</Filter>
    </ClInclude>
    <ClInclude Include="add_triangle.h">
      <Filter>Header Files\ChELementTool</Filter>
    </ClInclude>
    <ClInclude Include="ch_element_select.h">
      <Filter>Header Files\ChELementTool</Filter>
    </ClInclude>
    <ClInclude Include="add_ch_tex_poly.h">
      <Filter>Header Files\ChELementTool</Filter>
    </ClInclude>
    <ClInclude Include="ch_element_libre_select.h">
      <Filter>Header Files\ChELementTool</Filter>
    </ClInclude>
    <ClInclude Include="enum_character_texture_tool_state.h">
      <Filter>Header Files\staticConst</Filter>
    </ClInclude>
    <ClInclude Include="tool_button.h">
      <Filter>Header Files\PiYingTool</Filter>
    </ClInclude>
    <ClInclude Include="KeyboardStateWin.h">
      <Filter>Header Files\PiYingTool</Filter>
    </ClInclude>
    <ClInclude Include="cus_func_transform.h">
      <Filter>Header Files\PiYingTool</Filter>
    </ClInclude>
    <ClInclude Include="SelectedPoints.h">
      <Filter>Header Files\PiYingElememt</Filter>
    </ClInclude>
    <ClInclude Include="image_texture.h">
      <Filter>Header Files\PiYingElememt</Filter>
    </ClInclude>
    <ClInclude Include="image_transform.h">
      <Filter>Header Files\PiYingElememt</Filter>
    </ClInclude>
    <ClInclude Include="ch_element_tool_behavior.h">
      <Filter>Header Files\ChELementTool</Filter>
    </ClInclude>
    <ClInclude Include="gl_vert_reference.h">
      <Filter>Header Files\ChELementTool</Filter>
    </ClInclude>
    <ClInclude Include="ch_element_rect_select.h">
      <Filter>Header Files\ChELementTool</Filter>
    </ClInclude>
    <ClInclude Include="cus_func_zone.h">
      <Filter>Header Files\PiYingTool</Filter>
    </ClInclude>
    <ClInclude Include="cus_func_string.h">
      <Filter>Header Files\PiYingTool</Filter>
    </ClInclude>
    <ClInclude Include="cus_func_point2d.h">
      <Filter>Header Files\PiYingTool</Filter>
    </ClInclude>
    <ClInclude Include="point_vector.h">
      <Filter>Header Files\PiYingContainer</Filter>
    </ClInclude>
    <ClInclude Include="point_vector_layer.h">
      <Filter>Header Files\PiYingContainer</Filter>
    </ClInclude>
    <ClInclude Include="ch_element_add_round.h">
      <Filter>Header Files\ChELementTool</Filter>
    </ClInclude>
    <ClInclude Include="ch_skelen_tool.h">
      <Filter>Header Files\ChELementTool</Filter>
    </ClInclude>
    <ClInclude Include="cus_func_get_unique_id.h">
      <Filter>Header Files\PiYingTool</Filter>
    </ClInclude>
    <ClInclude Include="ch_add_vert_trace.h">
      <Filter>Header Files\ChELementTool</Filter>
    </ClInclude>
    <ClInclude Include="enum_edit_mode.h">
      <Filter>Header Files\staticConst</Filter>
    </ClInclude>
    <ClInclude Include="slide_applier.h">
      <Filter>Header Files\PiYingElememt</Filter>
    </ClInclude>
    <ClInclude Include="character_trace.h">
      <Filter>Header Files\PiYingElememt</Filter>
    </ClInclude>
  </ItemGroup>
  <ItemGroup>
    <QtMoc Include="ctrlSlideLayout.h">
      <Filter>Header Files\PiYngQObject\controlSlide</Filter>
    </QtMoc>
    <QtMoc Include="ctrlSlideWidget.h">
      <Filter>Header Files\PiYngQObject\controlSlide</Filter>
    </QtMoc>
    <QtMoc Include="RatioDialog.h">
      <Filter>Header Files\PiYngQObject</Filter>
    </QtMoc>
    <QtMoc Include="ViewData.h">
      <Filter>Header Files\PiYngQObject</Filter>
    </QtMoc>
    <QtMoc Include="piYingGLContainer.h">
      <Filter>Header Files\PiYngQObject</Filter>
    </QtMoc>
    <QtMoc Include="PiYing.h">
      <Filter>Header Files\PiYingWidget</Filter>
    </QtMoc>
    <QtMoc Include="piYingGL.h">
      <Filter>Header Files\PiYingWidget</Filter>
    </QtMoc>
    <QtMoc Include="AskTransformDialog.h">
      <Filter>Header Files\PiYngQObject</Filter>
    </QtMoc>
    <QtMoc Include="ask_round_poly_dialog.h">
      <Filter>Header Files\PiYngQObject</Filter>
    </QtMoc>
    <QtMoc Include="time_line_gl.h">
      <Filter>Header Files</Filter>
    </QtMoc>
  </ItemGroup>
  <ItemGroup>
    <None Include="bgshapes.vert">
      <Filter>Shader</Filter>
    </None>
    <None Include="bgshapes.frag">
      <Filter>Shader</Filter>
    </None>
    <None Include="readme.md" />
    <None Include="darkStyle.qss">
      <Filter>StyleSheets</Filter>
    </None>
    <None Include="chEditershapes.frag">
      <Filter>Shader</Filter>
    </None>
    <None Include="chEditershapes.vert">
      <Filter>Shader</Filter>
    </None>
    <None Include="imageListStyle.qss">
      <Filter>StyleSheets</Filter>
    </None>
    <None Include="slideStyle.qss">
      <Filter>StyleSheets</Filter>
    </None>
  </ItemGroup>
</Project>