
Microsoft Visual Studio Solution File, Format Version 12.00
# Visual Studio Version 17
VisualStudioVersion = 17.14.36915.13 d17.14
MinimumVisualStudioVersion = 10.0.40219.1
Project("{8BC9CEB8-8B4A-11D0-8D11-00A0C91BC942}") = "PiYing", "PiYing\PiYing.vcxproj", "{91FAC8E8-2388-4780-8678-230BE416C8AD}"
EndProject
Global
	GlobalSection(SolutionConfigurationPlatforms) = preSolution
		Debug|x64 = Debug|x64
		Release|x64 = Release|x64
	EndGlobalSection
	GlobalSection(ProjectConfigurationPlatforms) = postSolution
		{91FAC8E8-2388-4780-8678-230BE416C8AD}.Debug|x64.ActiveCfg = Debug|x64
		{91FAC8E8-2388-4780-8678-230BE416C8AD}.Debug|x64.Build.0 = Debug|x64
		{91FAC8E8-2388-4780-8678-230BE416C8AD}.Release|x64.ActiveCfg = Release|x64
		{91FAC8E8-2388-4780-8678-230BE416C8AD}.Release|x64.Build.0 = Release|x64
	EndGlobalSection
	GlobalSection(SolutionProperties) = preSolution
		HideSolutionNode = FALSE
	EndGlobalSection
	GlobalSection(ExtensibilityGlobals) = postSolution
		SolutionGuid = {BFA00763-C1D8-4957-8915-406E02C9800B}
	EndGlobalSection
EndGlobal
