<?xml version="1.0" encoding="utf-8"?>
<Project ToolsVersion="4.0" xmlns="http://schemas.microsoft.com/developer/msbuild/2003">
  <ItemGroup>
    <Filter Include="Source Files">
      <UniqueIdentifier>{4FC737F1-C7A5-4376-A066-2A32D752A2FF}</UniqueIdentifier>
      <Extensions>qml;cpp;c;cc;cxx;def;odl;idl;hpj;bat;asm;asmx</Extensions>
    </Filter>
    <Filter Include="Header Files">
      <UniqueIdentifier>{93995380-89BD-4b04-88EB-625FBE52EBFB}</UniqueIdentifier>
      <Extensions>h;hh;hpp;hxx;hm;inl;inc;xsd</Extensions>
    </Filter>
    <Filter Include="Resource Files">
      <UniqueIdentifier>{67DA6AB6-F800-4c08-8B7A-83BB121AAD01}</UniqueIdentifier>
      <Extensions>qrc;rc;ico;cur;bmp;dlg;rc2;rct;bin;rgs;gif;jpg;jpeg;jpe;resx;tiff;tif;png;wav;mfcribbon-ms</Extensions>
    </Filter>
    <Filter Include="Form Files">
      <UniqueIdentifier>{99349809-55BA-4b9d-BF79-8FDBB0286EB3}</UniqueIdentifier>
      <Extensions>ui</Extensions>
    </Filter>
    <Filter Include="Translation Files">
      <UniqueIdentifier>{639EADAA-A684-42e4-A9AD-28FC9BCB8F7C}</UniqueIdentifier>
      <Extensions>ts</Extensions>
    </Filter>
    <Filter Include="Header Files\CusStruct">
      <UniqueIdentifier>{097b854b-e278-4df0-b1b6-03b8dd42274d}</UniqueIdentifier>
    </Filter>
    <Filter Include="Shader">
      <UniqueIdentifier>{a537cbf0-5617-423e-a107-08e2c3b012d5}</UniqueIdentifier>
    </Filter>
    <Filter Include="Source Files\piYingGL">
      <UniqueIdentifier>{6254f304-1aac-45cf-9ae6-ffe29263975d}</UniqueIdentifier>
    </Filter>
    <Filter Include="StyleSheets">
      <UniqueIdentifier>{62c7bb89-d07b-49a5-893d-c2a87f10ba01}</UniqueIdentifier>
    </Filter>
    <Filter Include="Header Files\ChELementSelect">
      <UniqueIdentifier>{f755ae81-636b-4048-95f4-0ff9883fdb74}</UniqueIdentifier>
    </Filter>
  </ItemGroup>
  <ItemGroup>
    <QtRcc Include="PiYing.qrc">
      <Filter>Resource Files</Filter>
    </QtRcc>
    <QtUic Include="PiYing.ui">
      <Filter>Form Files</Filter>
    </QtUic>
    <QtMoc Include="PiYing.h">
      <Filter>Header Files</Filter>
    </QtMoc>
    <ClCompile Include="PiYing.cpp">
      <Filter>Source Files</Filter>
    </ClCompile>
  </ItemGroup>
  <ItemGroup>
    <ClCompile Include="main.cpp">
      <Filter>Source Files</Filter>
    </ClCompile>
    <ClCompile Include="RatioDialog.cpp">
      <Filter>Source Files</Filter>
    </ClCompile>
    <ClCompile Include="piYingGLContainer.cpp">
      <Filter>Source Files</Filter>
    </ClCompile>
    <ClCompile Include="piYingGL.cpp">
      <Filter>Source Files\piYingGL</Filter>
    </ClCompile>
    <ClCompile Include="events.cpp">
      <Filter>Source Files\piYingGL</Filter>
    </ClCompile>
    <ClCompile Include="Controls.cpp">
      <Filter>Source Files\piYingGL</Filter>
    </ClCompile>
    <ClCompile Include="GLFunc.cpp">
      <Filter>Source Files\piYingGL</Filter>
    </ClCompile>
    <ClCompile Include="slots.cpp">
      <Filter>Source Files\piYingGL</Filter>
    </ClCompile>
    <ClCompile Include="RaletiveTransform.cpp">
      <Filter>Source Files\piYingGL</Filter>
    </ClCompile>
    <ClCompile Include="AskTransformDialog.cpp">
      <Filter>Source Files</Filter>
    </ClCompile>
    <ClCompile Include="draw.cpp">
      <Filter>Source Files\piYingGL</Filter>
    </ClCompile>
    <ClCompile Include="ChElementSelect.cpp">
      <Filter>Source Files</Filter>
    </ClCompile>
    <ClCompile Include="construct.cpp">
      <Filter>Source Files\piYingGL</Filter>
    </ClCompile>
    <ClCompile Include="AddTriangle.cpp">
      <Filter>Source Files</Filter>
    </ClCompile>
  </ItemGroup>
  <ItemGroup>
    <ClInclude Include="CusEnum.h">
      <Filter>Header Files\CusStruct</Filter>
    </ClInclude>
    <ClInclude Include="cusMode.h">
      <Filter>Header Files</Filter>
    </ClInclude>
    <ClInclude Include="Element.h">
      <Filter>Header Files\CusStruct</Filter>
    </ClInclude>
    <ClInclude Include="KeyboardStateWin.h">
      <Filter>Header Files</Filter>
    </ClInclude>
    <ClInclude Include="CusInclude.h">
      <Filter>Header Files\CusStruct</Filter>
    </ClInclude>
    <ClInclude Include="CusFunc.h">
      <Filter>Header Files\CusStruct</Filter>
    </ClInclude>
    <ClInclude Include="ChElementSelect.h">
      <Filter>Header Files\ChELementSelect</Filter>
    </ClInclude>
    <ClInclude Include="AddTriangle.h">
      <Filter>Header Files\ChELementSelect</Filter>
    </ClInclude>
  </ItemGroup>
  <ItemGroup>
    <QtMoc Include="piYingGL.h">
      <Filter>Header Files</Filter>
    </QtMoc>
    <QtMoc Include="RatioDialog.h">
      <Filter>Header Files</Filter>
    </QtMoc>
    <QtMoc Include="piYingGLContainer.h">
      <Filter>Header Files</Filter>
    </QtMoc>
    <QtMoc Include="ViewData.h">
      <Filter>Header Files</Filter>
    </QtMoc>
    <QtMoc Include="AskTransformDialog.h">
      <Filter>Header Files</Filter>
    </QtMoc>
  </ItemGroup>
  <ItemGroup>
    <None Include="bgshapes.vert">
      <Filter>Shader</Filter>
    </None>
    <None Include="bgshapes.frag">
      <Filter>Shader</Filter>
    </None>
    <None Include="readme.md" />
    <None Include="darkStyle.qss">
      <Filter>StyleSheets</Filter>
    </None>
    <None Include="chEditershapes.frag">
      <Filter>Shader</Filter>
    </None>
    <None Include="chEditershapes.vert">
      <Filter>Shader</Filter>
    </None>
    <None Include="imageListStyle.qss">
      <Filter>StyleSheets</Filter>
    </None>
  </ItemGroup>
  <ItemGroup>
    <Image Include="addChVert.png">
      <Filter>Resource Files</Filter>
    </Image>
    <Image Include="selectChVert.png">
      <Filter>Resource Files</Filter>
    </Image>
  </ItemGroup>
</Project>